
Microsoft Visual Studio Solution File, Format Version 12.00
# Visual Studio Version 17
VisualStudioVersion = 17.4.33205.214
MinimumVisualStudioVersion = 10.0.40219.1
Project("{FAE04EC0-301F-11D3-BF4B-00C04F79EFBC}") = "Inventory.Model", "Inventory.Model\Inventory.Model.csproj", "{75E8E5A7-346B-4768-86F1-CA662717B473}"
EndProject
Project("{FAE04EC0-301F-11D3-BF4B-00C04F79EFBC}") = "Inventory.Database", "Inventory.Database\Inventory.Database.csproj", "{6D97ADB7-994D-4454-BE34-8BD24FB15AFF}"
EndProject
Project("{FAE04EC0-301F-11D3-BF4B-00C04F79EFBC}") = "Inventory.MVC", "Inventory.MVC\Inventory.MVC.csproj", "{915F0DC3-59D3-4488-8679-D6268B1380E3}"
EndProject
Project("{FAE04EC0-301F-11D3-BF4B-00C04F79EFBC}") = "Inventory.Services", "Inventory.Services\Inventory.Services.csproj", "{44C3EC24-BD04-415B-8BD3-E06335E5B83F}"
EndProject
Global
	GlobalSection(SolutionConfigurationPlatforms) = preSolution
		Debug|Any CPU = Debug|Any CPU
		Release|Any CPU = Release|Any CPU
	EndGlobalSection
	GlobalSection(ProjectConfigurationPlatforms) = postSolution
		{75E8E5A7-346B-4768-86F1-CA662717B473}.Debug|Any CPU.ActiveCfg = Debug|Any CPU
		{75E8E5A7-346B-4768-86F1-CA662717B473}.Debug|Any CPU.Build.0 = Debug|Any CPU
		{75E8E5A7-346B-4768-86F1-CA662717B473}.Release|Any CPU.ActiveCfg = Release|Any CPU
		{75E8E5A7-346B-4768-86F1-CA662717B473}.Release|Any CPU.Build.0 = Release|Any CPU
		{6D97ADB7-994D-4454-BE34-8BD24FB15AFF}.Debug|Any CPU.ActiveCfg = Debug|Any CPU
		{6D97ADB7-994D-4454-BE34-8BD24FB15AFF}.Debug|Any CPU.Build.0 = Debug|Any CPU
		{6D97ADB7-994D-4454-BE34-8BD24FB15AFF}.Release|Any CPU.ActiveCfg = Release|Any CPU
		{6D97ADB7-994D-4454-BE34-8BD24FB15AFF}.Release|Any CPU.Build.0 = Release|Any CPU
		{915F0DC3-59D3-4488-8679-D6268B1380E3}.Debug|Any CPU.ActiveCfg = Debug|Any CPU
		{915F0DC3-59D3-4488-8679-D6268B1380E3}.Debug|Any CPU.Build.0 = Debug|Any CPU
		{915F0DC3-59D3-4488-8679-D6268B1380E3}.Release|Any CPU.ActiveCfg = Release|Any CPU
		{915F0DC3-59D3-4488-8679-D6268B1380E3}.Release|Any CPU.Build.0 = Release|Any CPU
		{44C3EC24-BD04-415B-8BD3-E06335E5B83F}.Debug|Any CPU.ActiveCfg = Debug|Any CPU
		{44C3EC24-BD04-415B-8BD3-E06335E5B83F}.Debug|Any CPU.Build.0 = Debug|Any CPU
		{44C3EC24-BD04-415B-8BD3-E06335E5B83F}.Release|Any CPU.ActiveCfg = Release|Any CPU
		{44C3EC24-BD04-415B-8BD3-E06335E5B83F}.Release|Any CPU.Build.0 = Release|Any CPU
	EndGlobalSection
	GlobalSection(SolutionProperties) = preSolution
		HideSolutionNode = FALSE
	EndGlobalSection
	GlobalSection(ExtensibilityGlobals) = postSolution
		SolutionGuid = {AFDD80E7-0112-45DD-9902-5E45572C15B3}
	EndGlobalSection
EndGlobal
